
Microsoft Visual Studio Solution File, Format Version 12.00
# Visual Studio Version 16
VisualStudioVersion = 16.0.31515.178
MinimumVisualStudioVersion = 10.0.40219.1
Project("{9A19103F-16F7-4668-BE54-9A1E7A4F7556}") = "UniversityApp", "UnversityApp\UniversityApp.csproj", "{F5816D73-DFF2-47DF-8B90-CA5E722548B2}"
EndProject
Global
	GlobalSection(SolutionConfigurationPlatforms) = preSolution
		Debug|Any CPU = Debug|Any CPU
		Release|Any CPU = Release|Any CPU
	EndGlobalSection
	GlobalSection(ProjectConfigurationPlatforms) = postSolution
		{F5816D73-DFF2-47DF-8B90-CA5E722548B2}.Debug|Any CPU.ActiveCfg = Debug|Any CPU
		{F5816D73-DFF2-47DF-8B90-CA5E722548B2}.Debug|Any CPU.Build.0 = Debug|Any CPU
		{F5816D73-DFF2-47DF-8B90-CA5E722548B2}.Release|Any CPU.ActiveCfg = Release|Any CPU
		{F5816D73-DFF2-47DF-8B90-CA5E722548B2}.Release|Any CPU.Build.0 = Release|Any CPU
	EndGlobalSection
	GlobalSection(SolutionProperties) = preSolution
		HideSolutionNode = FALSE
	EndGlobalSection
	GlobalSection(ExtensibilityGlobals) = postSolution
		SolutionGuid = {624F0175-64DE-46ED-8205-D27AAA9258FB}
	EndGlobalSection
EndGlobal
